// !$*UTF8*$!
{
	archiveVersion = 1;
	classes = {
	};
	objectVersion = 51;
	objects = {

/* Begin PBXBuildFile section */
		1C5F1B0923B6A52A002FB688 /* AppDelegate.swift in Sources */ = {isa = PBXBuildFile; fileRef = 1C5F1B0823B6A52A002FB688 /* AppDelegate.swift */; };
		1C5F1B0B23B6A52A002FB688 /* SceneDelegate.swift in Sources */ = {isa = PBXBuildFile; fileRef = 1C5F1B0A23B6A52A002FB688 /* SceneDelegate.swift */; };
		1C5F1B1023B6A52A002FB688 /* Main.storyboard in Resources */ = {isa = PBXBuildFile; fileRef = 1C5F1B0E23B6A52A002FB688 /* Main.storyboard */; };
		1C5F1B1223B6A52E002FB688 /* Assets.xcassets in Resources */ = {isa = PBXBuildFile; fileRef = 1C5F1B1123B6A52E002FB688 /* Assets.xcassets */; };
		1C5F1B1523B6A52E002FB688 /* LaunchScreen.storyboard in Resources */ = {isa = PBXBuildFile; fileRef = 1C5F1B1323B6A52E002FB688 /* LaunchScreen.storyboard */; };
		1C5F1B2023B6A63F002FB688 /* SWRevealViewController.m in Sources */ = {isa = PBXBuildFile; fileRef = 1C5F1B1F23B6A63F002FB688 /* SWRevealViewController.m */; };
		1CFA322C23BA192A001F72A9 /* ChatVC.swift in Sources */ = {isa = PBXBuildFile; fileRef = 1CFA322B23BA192A001F72A9 /* ChatVC.swift */; };
		1CFA322F23BA195C001F72A9 /* ChannelVC.swift in Sources */ = {isa = PBXBuildFile; fileRef = 1CFA322E23BA195C001F72A9 /* ChannelVC.swift */; };
		1CFA323123BA1F68001F72A9 /* GradientView.swift in Sources */ = {isa = PBXBuildFile; fileRef = 1CFA323023BA1F68001F72A9 /* GradientView.swift */; };
		787493A6D7167457FC126876 /* Pods_Massager.framework in Frameworks */ = {isa = PBXBuildFile; fileRef = E12E0AF3A71651B7C82802EF /* Pods_Massager.framework */; };
/* End PBXBuildFile section */

/* Begin PBXFileReference section */
		1C5F1B0523B6A52A002FB688 /* Massager.app */ = {isa = PBXFileReference; explicitFileType = wrapper.application; includeInIndex = 0; path = Massager.app; sourceTree = BUILT_PRODUCTS_DIR; };
		1C5F1B0823B6A52A002FB688 /* AppDelegate.swift */ = {isa = PBXFileReference; lastKnownFileType = sourcecode.swift; path = AppDelegate.swift; sourceTree = "<group>"; };
		1C5F1B0A23B6A52A002FB688 /* SceneDelegate.swift */ = {isa = PBXFileReference; lastKnownFileType = sourcecode.swift; path = SceneDelegate.swift; sourceTree = "<group>"; };
		1C5F1B0F23B6A52A002FB688 /* Base */ = {isa = PBXFileReference; lastKnownFileType = file.storyboard; name = Base; path = Base.lproj/Main.storyboard; sourceTree = "<group>"; };
		1C5F1B1123B6A52E002FB688 /* Assets.xcassets */ = {isa = PBXFileReference; lastKnownFileType = folder.assetcatalog; path = Assets.xcassets; sourceTree = "<group>"; };
		1C5F1B1423B6A52E002FB688 /* Base */ = {isa = PBXFileReference; lastKnownFileType = file.storyboard; name = Base; path = Base.lproj/LaunchScreen.storyboard; sourceTree = "<group>"; };
		1C5F1B1623B6A52E002FB688 /* Info.plist */ = {isa = PBXFileReference; lastKnownFileType = text.plist.xml; path = Info.plist; sourceTree = "<group>"; };
		1C5F1B1D23B6A63D002FB688 /* Massager-Bridging-Header.h */ = {isa = PBXFileReference; lastKnownFileType = sourcecode.c.h; path = "Massager-Bridging-Header.h"; sourceTree = "<group>"; };
		1C5F1B1E23B6A63E002FB688 /* SWRevealViewController.h */ = {isa = PBXFileReference; fileEncoding = 4; lastKnownFileType = sourcecode.c.h; path = SWRevealViewController.h; sourceTree = "<group>"; };
		1C5F1B1F23B6A63F002FB688 /* SWRevealViewController.m */ = {isa = PBXFileReference; fileEncoding = 4; lastKnownFileType = sourcecode.c.objc; path = SWRevealViewController.m; sourceTree = "<group>"; };
		1CFA322B23BA192A001F72A9 /* ChatVC.swift */ = {isa = PBXFileReference; lastKnownFileType = sourcecode.swift; path = ChatVC.swift; sourceTree = "<group>"; };
		1CFA322E23BA195C001F72A9 /* ChannelVC.swift */ = {isa = PBXFileReference; lastKnownFileType = sourcecode.swift; path = ChannelVC.swift; sourceTree = "<group>"; };
		1CFA323023BA1F68001F72A9 /* GradientView.swift */ = {isa = PBXFileReference; lastKnownFileType = sourcecode.swift; path = GradientView.swift; sourceTree = "<group>"; };
		697FB933C494BC8C782D6B88 /* Pods-Massager.release.xcconfig */ = {isa = PBXFileReference; includeInIndex = 1; lastKnownFileType = text.xcconfig; name = "Pods-Massager.release.xcconfig"; path = "Target Support Files/Pods-Massager/Pods-Massager.release.xcconfig"; sourceTree = "<group>"; };
		99A94647FA7330F374B6CE51 /* Pods-Massager.debug.xcconfig */ = {isa = PBXFileReference; includeInIndex = 1; lastKnownFileType = text.xcconfig; name = "Pods-Massager.debug.xcconfig"; path = "Target Support Files/Pods-Massager/Pods-Massager.debug.xcconfig"; sourceTree = "<group>"; };
		E12E0AF3A71651B7C82802EF /* Pods_Massager.framework */ = {isa = PBXFileReference; explicitFileType = wrapper.framework; includeInIndex = 0; path = Pods_Massager.framework; sourceTree = BUILT_PRODUCTS_DIR; };
/* End PBXFileReference section */

/* Begin PBXFrameworksBuildPhase section */
		1C5F1B0223B6A52A002FB688 /* Frameworks */ = {
			isa = PBXFrameworksBuildPhase;
			buildActionMask = 2147483647;
			files = (
				787493A6D7167457FC126876 /* Pods_Massager.framework in Frameworks */,
			);
			runOnlyForDeploymentPostprocessing = 0;
		};
/* End PBXFrameworksBuildPhase section */

/* Begin PBXGroup section */
		1C5F1AFC23B6A52A002FB688 = {
			isa = PBXGroup;
			children = (
				1C5F1B0723B6A52A002FB688 /* Massager */,
				1C5F1B0623B6A52A002FB688 /* Products */,
				20C549DB164A0951C5A2669F /* Pods */,
				727A4F4333E1C55C1EDFA988 /* Frameworks */,
			);
			sourceTree = "<group>";
		};
		1C5F1B0623B6A52A002FB688 /* Products */ = {
			isa = PBXGroup;
			children = (
				1C5F1B0523B6A52A002FB688 /* Massager.app */,
			);
			name = Products;
			sourceTree = "<group>";
		};
		1C5F1B0723B6A52A002FB688 /* Massager */ = {
			isa = PBXGroup;
			children = (
				1CFA322A23BA18EC001F72A9 /* Model */,
				1CFA322923BA18E0001F72A9 /* View */,
				1CFA322823BA18D4001F72A9 /* Controller */,
				1C5F1B0823B6A52A002FB688 /* AppDelegate.swift */,
				1C5F1B0A23B6A52A002FB688 /* SceneDelegate.swift */,
				1C5F1B0E23B6A52A002FB688 /* Main.storyboard */,
				1C5F1B1123B6A52E002FB688 /* Assets.xcassets */,
				1C5F1B1323B6A52E002FB688 /* LaunchScreen.storyboard */,
				1C5F1B1623B6A52E002FB688 /* Info.plist */,
				1C5F1B1C23B6A609002FB688 /* Supporting files */,
			);
			path = Massager;
			sourceTree = "<group>";
		};
		1C5F1B1C23B6A609002FB688 /* Supporting files */ = {
			isa = PBXGroup;
			children = (
				1C5F1B1E23B6A63E002FB688 /* SWRevealViewController.h */,
				1C5F1B1F23B6A63F002FB688 /* SWRevealViewController.m */,
				1C5F1B1D23B6A63D002FB688 /* Massager-Bridging-Header.h */,
			);
			path = "Supporting files";
			sourceTree = "<group>";
		};
		1CFA322823BA18D4001F72A9 /* Controller */ = {
			isa = PBXGroup;
			children = (
				1CFA322B23BA192A001F72A9 /* ChatVC.swift */,
				1CFA322E23BA195C001F72A9 /* ChannelVC.swift */,
			);
			path = Controller;
			sourceTree = "<group>";
		};
		1CFA322923BA18E0001F72A9 /* View */ = {
			isa = PBXGroup;
			children = (
				1CFA323023BA1F68001F72A9 /* GradientView.swift */,
			);
			path = View;
			sourceTree = "<group>";
		};
		1CFA322A23BA18EC001F72A9 /* Model */ = {
			isa = PBXGroup;
			children = (
			);
			path = Model;
			sourceTree = "<group>";
		};
		20C549DB164A0951C5A2669F /* Pods */ = {
			isa = PBXGroup;
			children = (
				99A94647FA7330F374B6CE51 /* Pods-Massager.debug.xcconfig */,
				697FB933C494BC8C782D6B88 /* Pods-Massager.release.xcconfig */,
			);
			path = Pods;
			sourceTree = "<group>";
		};
		727A4F4333E1C55C1EDFA988 /* Frameworks */ = {
			isa = PBXGroup;
			children = (
				E12E0AF3A71651B7C82802EF /* Pods_Massager.framework */,
			);
			name = Frameworks;
			sourceTree = "<group>";
		};
/* End PBXGroup section */

/* Begin PBXNativeTarget section */
		1C5F1B0423B6A52A002FB688 /* Massager */ = {
			isa = PBXNativeTarget;
			buildConfigurationList = 1C5F1B1923B6A52E002FB688 /* Build configuration list for PBXNativeTarget "Massager" */;
			buildPhases = (
				0E064B98182A833F8D6D914E /* [CP] Check Pods Manifest.lock */,
				1C5F1B0123B6A52A002FB688 /* Sources */,
				1C5F1B0223B6A52A002FB688 /* Frameworks */,
				1C5F1B0323B6A52A002FB688 /* Resources */,
				E4D55EEAF429D1F164B630FB /* [CP] Embed Pods Frameworks */,
			);
			buildRules = (
			);
			dependencies = (
			);
			name = Massager;
			productName = Massager;
			productReference = 1C5F1B0523B6A52A002FB688 /* Massager.app */;
			productType = "com.apple.product-type.application";
		};
/* End PBXNativeTarget section */

/* Begin PBXProject section */
		1C5F1AFD23B6A52A002FB688 /* Project object */ = {
			isa = PBXProject;
			attributes = {
				LastSwiftUpdateCheck = 1120;
				LastUpgradeCheck = 1120;
				ORGANIZATIONNAME = "Romaha ";
				TargetAttributes = {
					1C5F1B0423B6A52A002FB688 = {
						CreatedOnToolsVersion = 11.2.1;
						LastSwiftMigration = 1120;
					};
				};
			};
			buildConfigurationList = 1C5F1B0023B6A52A002FB688 /* Build configuration list for PBXProject "Massager" */;
			compatibilityVersion = "Xcode 9.3";
			developmentRegion = en;
			hasScannedForEncodings = 0;
			knownRegions = (
				en,
				Base,
			);
			mainGroup = 1C5F1AFC23B6A52A002FB688;
			productRefGroup = 1C5F1B0623B6A52A002FB688 /* Products */;
			projectDirPath = "";
			projectRoot = "";
			targets = (
				1C5F1B0423B6A52A002FB688 /* Massager */,
			);
		};
/* End PBXProject section */

/* Begin PBXResourcesBuildPhase section */
		1C5F1B0323B6A52A002FB688 /* Resources */ = {
			isa = PBXResourcesBuildPhase;
			buildActionMask = 2147483647;
			files = (
				1C5F1B1523B6A52E002FB688 /* LaunchScreen.storyboard in Resources */,
				1C5F1B1223B6A52E002FB688 /* Assets.xcassets in Resources */,
				1C5F1B1023B6A52A002FB688 /* Main.storyboard in Resources */,
			);
			runOnlyForDeploymentPostprocessing = 0;
		};
/* End PBXResourcesBuildPhase section */

/* Begin PBXShellScriptBuildPhase section */
		0E064B98182A833F8D6D914E /* [CP] Check Pods Manifest.lock */ = {
			isa = PBXShellScriptBuildPhase;
			buildActionMask = 2147483647;
			files = (
			);
			inputFileListPaths = (
			);
			inputPaths = (
				"${PODS_PODFILE_DIR_PATH}/Podfile.lock",
				"${PODS_ROOT}/Manifest.lock",
			);
			name = "[CP] Check Pods Manifest.lock";
			outputFileListPaths = (
			);
			outputPaths = (
				"$(DERIVED_FILE_DIR)/Pods-Massager-checkManifestLockResult.txt",
			);
			runOnlyForDeploymentPostprocessing = 0;
			shellPath = /bin/sh;
			shellScript = "diff \"${PODS_PODFILE_DIR_PATH}/Podfile.lock\" \"${PODS_ROOT}/Manifest.lock\" > /dev/null\nif [ $? != 0 ] ; then\n    # print error to STDERR\n    echo \"error: The sandbox is not in sync with the Podfile.lock. Run 'pod install' or update your CocoaPods installation.\" >&2\n    exit 1\nfi\n# This output is used by Xcode 'outputs' to avoid re-running this script phase.\necho \"SUCCESS\" > \"${SCRIPT_OUTPUT_FILE_0}\"\n";
			showEnvVarsInLog = 0;
		};
		E4D55EEAF429D1F164B630FB /* [CP] Embed Pods Frameworks */ = {
			isa = PBXShellScriptBuildPhase;
			buildActionMask = 2147483647;
			files = (
			);
			inputFileListPaths = (
				"${PODS_ROOT}/Target Support Files/Pods-Massager/Pods-Massager-frameworks-${CONFIGURATION}-input-files.xcfilelist",
			);
			name = "[CP] Embed Pods Frameworks";
			outputFileListPaths = (
				"${PODS_ROOT}/Target Support Files/Pods-Massager/Pods-Massager-frameworks-${CONFIGURATION}-output-files.xcfilelist",
			);
			runOnlyForDeploymentPostprocessing = 0;
			shellPath = /bin/sh;
			shellScript = "\"${PODS_ROOT}/Target Support Files/Pods-Massager/Pods-Massager-frameworks.sh\"\n";
			showEnvVarsInLog = 0;
		};
/* End PBXShellScriptBuildPhase section */

/* Begin PBXSourcesBuildPhase section */
		1C5F1B0123B6A52A002FB688 /* Sources */ = {
			isa = PBXSourcesBuildPhase;
			buildActionMask = 2147483647;
			files = (
				1CFA322C23BA192A001F72A9 /* ChatVC.swift in Sources */,
				1C5F1B0923B6A52A002FB688 /* AppDelegate.swift in Sources */,
				1CFA323123BA1F68001F72A9 /* GradientView.swift in Sources */,
				1C5F1B0B23B6A52A002FB688 /* SceneDelegate.swift in Sources */,
				1C5F1B2023B6A63F002FB688 /* SWRevealViewController.m in Sources */,
				1CFA322F23BA195C001F72A9 /* ChannelVC.swift in Sources */,
			);
			runOnlyForDeploymentPostprocessing = 0;
		};
/* End PBXSourcesBuildPhase section */

/* Begin PBXVariantGroup section */
		1C5F1B0E23B6A52A002FB688 /* Main.storyboard */ = {
			isa = PBXVariantGroup;
			children = (
				1C5F1B0F23B6A52A002FB688 /* Base */,
			);
			name = Main.storyboard;
			sourceTree = "<group>";
		};
		1C5F1B1323B6A52E002FB688 /* LaunchScreen.storyboard */ = {
			isa = PBXVariantGroup;
			children = (
				1C5F1B1423B6A52E002FB688 /* Base */,
			);
			name = LaunchScreen.storyboard;
			sourceTree = "<group>";
		};
/* End PBXVariantGroup section */

/* Begin XCBuildConfiguration section */
		1C5F1B1723B6A52E002FB688 /* Debug */ = {
			isa = XCBuildConfiguration;
			buildSettings = {
				ALWAYS_SEARCH_USER_PATHS = NO;
				CLANG_ANALYZER_NONNULL = YES;
				CLANG_ANALYZER_NUMBER_OBJECT_CONVERSION = YES_AGGRESSIVE;
				CLANG_CXX_LANGUAGE_STANDARD = "gnu++14";
				CLANG_CXX_LIBRARY = "libc++";
				CLANG_ENABLE_MODULES = YES;
				CLANG_ENABLE_OBJC_ARC = YES;
				CLANG_ENABLE_OBJC_WEAK = YES;
				CLANG_WARN_BLOCK_CAPTURE_AUTORELEASING = YES;
				CLANG_WARN_BOOL_CONVERSION = YES;
				CLANG_WARN_COMMA = YES;
				CLANG_WARN_CONSTANT_CONVERSION = YES;
				CLANG_WARN_DEPRECATED_OBJC_IMPLEMENTATIONS = YES;
				CLANG_WARN_DIRECT_OBJC_ISA_USAGE = YES_ERROR;
				CLANG_WARN_DOCUMENTATION_COMMENTS = YES;
				CLANG_WARN_EMPTY_BODY = YES;
				CLANG_WARN_ENUM_CONVERSION = YES;
				CLANG_WARN_INFINITE_RECURSION = YES;
				CLANG_WARN_INT_CONVERSION = YES;
				CLANG_WARN_NON_LITERAL_NULL_CONVERSION = YES;
				CLANG_WARN_OBJC_IMPLICIT_RETAIN_SELF = YES;
				CLANG_WARN_OBJC_LITERAL_CONVERSION = YES;
				CLANG_WARN_OBJC_ROOT_CLASS = YES_ERROR;
				CLANG_WARN_RANGE_LOOP_ANALYSIS = YES;
				CLANG_WARN_STRICT_PROTOTYPES = YES;
				CLANG_WARN_SUSPICIOUS_MOVE = YES;
				CLANG_WARN_UNGUARDED_AVAILABILITY = YES_AGGRESSIVE;
				CLANG_WARN_UNREACHABLE_CODE = YES;
				CLANG_WARN__DUPLICATE_METHOD_MATCH = YES;
				COPY_PHASE_STRIP = NO;
				DEBUG_INFORMATION_FORMAT = dwarf;
				ENABLE_STRICT_OBJC_MSGSEND = YES;
				ENABLE_TESTABILITY = YES;
				GCC_C_LANGUAGE_STANDARD = gnu11;
				GCC_DYNAMIC_NO_PIC = NO;
				GCC_NO_COMMON_BLOCKS = YES;
				GCC_OPTIMIZATION_LEVEL = 0;
				GCC_PREPROCESSOR_DEFINITIONS = (
					"DEBUG=1",
					"$(inherited)",
				);
				GCC_WARN_64_TO_32_BIT_CONVERSION = YES;
				GCC_WARN_ABOUT_RETURN_TYPE = YES_ERROR;
				GCC_WARN_UNDECLARED_SELECTOR = YES;
				GCC_WARN_UNINITIALIZED_AUTOS = YES_AGGRESSIVE;
				GCC_WARN_UNUSED_FUNCTION = YES;
				GCC_WARN_UNUSED_VARIABLE = YES;
				IPHONEOS_DEPLOYMENT_TARGET = 13.2;
				MTL_ENABLE_DEBUG_INFO = INCLUDE_SOURCE;
				MTL_FAST_MATH = YES;
				ONLY_ACTIVE_ARCH = YES;
				SDKROOT = iphoneos;
				SWIFT_ACTIVE_COMPILATION_CONDITIONS = DEBUG;
				SWIFT_OPTIMIZATION_LEVEL = "-Onone";
			};
			name = Debug;
		};
		1C5F1B1823B6A52E002FB688 /* Release */ = {
			isa = XCBuildConfiguration;
			buildSettings = {
				ALWAYS_SEARCH_USER_PATHS = NO;
				CLANG_ANALYZER_NONNULL = YES;
				CLANG_ANALYZER_NUMBER_OBJECT_CONVERSION = YES_AGGRESSIVE;
				CLANG_CXX_LANGUAGE_STANDARD = "gnu++14";
				CLANG_CXX_LIBRARY = "libc++";
				CLANG_ENABLE_MODULES = YES;
				CLANG_ENABLE_OBJC_ARC = YES;
				CLANG_ENABLE_OBJC_WEAK = YES;
				CLANG_WARN_BLOCK_CAPTURE_AUTORELEASING = YES;
				CLANG_WARN_BOOL_CONVERSION = YES;
				CLANG_WARN_COMMA = YES;
				CLANG_WARN_CONSTANT_CONVERSION = YES;
				CLANG_WARN_DEPRECATED_OBJC_IMPLEMENTATIONS = YES;
				CLANG_WARN_DIRECT_OBJC_ISA_USAGE = YES_ERROR;
				CLANG_WARN_DOCUMENTATION_COMMENTS = YES;
				CLANG_WARN_EMPTY_BODY = YES;
				CLANG_WARN_ENUM_CONVERSION = YES;
				CLANG_WARN_INFINITE_RECURSION = YES;
				CLANG_WARN_INT_CONVERSION = YES;
				CLANG_WARN_NON_LITERAL_NULL_CONVERSION = YES;
				CLANG_WARN_OBJC_IMPLICIT_RETAIN_SELF = YES;
				CLANG_WARN_OBJC_LITERAL_CONVERSION = YES;
				CLANG_WARN_OBJC_ROOT_CLASS = YES_ERROR;
				CLANG_WARN_RANGE_LOOP_ANALYSIS = YES;
				CLANG_WARN_STRICT_PROTOTYPES = YES;
				CLANG_WARN_SUSPICIOUS_MOVE = YES;
				CLANG_WARN_UNGUARDED_AVAILABILITY = YES_AGGRESSIVE;
				CLANG_WARN_UNREACHABLE_CODE = YES;
				CLANG_WARN__DUPLICATE_METHOD_MATCH = YES;
				COPY_PHASE_STRIP = NO;
				DEBUG_INFORMATION_FORMAT = "dwarf-with-dsym";
				ENABLE_NS_ASSERTIONS = NO;
				ENABLE_STRICT_OBJC_MSGSEND = YES;
				GCC_C_LANGUAGE_STANDARD = gnu11;
				GCC_NO_COMMON_BLOCKS = YES;
				GCC_WARN_64_TO_32_BIT_CONVERSION = YES;
				GCC_WARN_ABOUT_RETURN_TYPE = YES_ERROR;
				GCC_WARN_UNDECLARED_SELECTOR = YES;
				GCC_WARN_UNINITIALIZED_AUTOS = YES_AGGRESSIVE;
				GCC_WARN_UNUSED_FUNCTION = YES;
				GCC_WARN_UNUSED_VARIABLE = YES;
				IPHONEOS_DEPLOYMENT_TARGET = 13.2;
				MTL_ENABLE_DEBUG_INFO = NO;
				MTL_FAST_MATH = YES;
				SDKROOT = iphoneos;
				SWIFT_COMPILATION_MODE = wholemodule;
				SWIFT_OPTIMIZATION_LEVEL = "-O";
				VALIDATE_PRODUCT = YES;
			};
			name = Release;
		};
		1C5F1B1A23B6A52E002FB688 /* Debug */ = {
			isa = XCBuildConfiguration;
			baseConfigurationReference = 99A94647FA7330F374B6CE51 /* Pods-Massager.debug.xcconfig */;
			buildSettings = {
				ASSETCATALOG_COMPILER_APPICON_NAME = AppIcon;
				CLANG_ENABLE_MODULES = YES;
				CODE_SIGN_STYLE = Automatic;
				DEVELOPMENT_TEAM = F3AATHL8DV;
				INFOPLIST_FILE = Massager/Info.plist;
				LD_RUNPATH_SEARCH_PATHS = (
					"$(inherited)",
					"@executable_path/Frameworks",
				);
				PRODUCT_BUNDLE_IDENTIFIER = com.rokimjour.Massager;
				PRODUCT_NAME = "$(TARGET_NAME)";
				SWIFT_OBJC_BRIDGING_HEADER = "Massager/Supporting files/Massager-Bridging-Header.h";
				SWIFT_OPTIMIZATION_LEVEL = "-Onone";
				SWIFT_VERSION = 5.0;
				TARGETED_DEVICE_FAMILY = "1,2";
			};
			name = Debug;
		};
		1C5F1B1B23B6A52E002FB688 /* Release */ = {
			isa = XCBuildConfiguration;
			baseConfigurationReference = 697FB933C494BC8C782D6B88 /* Pods-Massager.release.xcconfig */;
			buildSettings = {
				ASSETCATALOG_COMPILER_APPICON_NAME = AppIcon;
				CLANG_ENABLE_MODULES = YES;
				CODE_SIGN_STYLE = Automatic;
				DEVELOPMENT_TEAM = F3AATHL8DV;
				INFOPLIST_FILE = Massager/Info.plist;
				LD_RUNPATH_SEARCH_PATHS = (
					"$(inherited)",
					"@executable_path/Frameworks",
				);
				PRODUCT_BUNDLE_IDENTIFIER = com.rokimjour.Massager;
				PRODUCT_NAME = "$(TARGET_NAME)";
				SWIFT_OBJC_BRIDGING_HEADER = "Massager/Supporting files/Massager-Bridging-Header.h";
				SWIFT_VERSION = 5.0;
				TARGETED_DEVICE_FAMILY = "1,2";
			};
			name = Release;
		};
/* End XCBuildConfiguration section */

/* Begin XCConfigurationList section */
		1C5F1B0023B6A52A002FB688 /* Build configuration list for PBXProject "Massager" */ = {
			isa = XCConfigurationList;
			buildConfigurations = (
				1C5F1B1723B6A52E002FB688 /* Debug */,
				1C5F1B1823B6A52E002FB688 /* Release */,
			);
			defaultConfigurationIsVisible = 0;
			defaultConfigurationName = Release;
		};
		1C5F1B1923B6A52E002FB688 /* Build configuration list for PBXNativeTarget "Massager" */ = {
			isa = XCConfigurationList;
			buildConfigurations = (
				1C5F1B1A23B6A52E002FB688 /* Debug */,
				1C5F1B1B23B6A52E002FB688 /* Release */,
			);
			defaultConfigurationIsVisible = 0;
			defaultConfigurationName = Release;
		};
/* End XCConfigurationList section */
	};
	rootObject = 1C5F1AFD23B6A52A002FB688 /* Project object */;
}
